{"version":4,"terraform_version":"1.8.1","serial":3,"lineage":"aa7836dc-44ad-a7b0-8f2e-fe3d5c294caa","outputs":{"instance_arn":{"value":"arn:aws:ec2:us-west-2:083014189801:instance/i-0bebeb96fbc14b277","type":"string"},"instance_url":{"value":"http://34.212.191.229","type":"string"},"rds_endpoint":{"value":"otf-cory.cc1oyktvv1be.us-west-2.rds.amazonaws.com:3306","type":"string"}},"resources":[{"mode":"data","type":"aws_vpc","name":"default","provider":"provider[\"registry.opentofu.org/hashicorp/aws\"]","instances":[{"schema_version":0,"attributes":{"arn":"arn:aws:ec2:us-west-2:083014189801:vpc/vpc-b8c9c5c0","cidr_block":"172.31.0.0/16","cidr_block_associations":[{"association_id":"vpc-cidr-assoc-c167bcac","cidr_block":"172.31.0.0/16","state":"associated"}],"default":true,"dhcp_options_id":"dopt-dae4e1a2","enable_dns_hostnames":true,"enable_dns_support":true,"enable_network_address_usage_metrics":false,"filter":[{"name":"isDefault","values":["true"]}],"id":"vpc-b8c9c5c0","instance_tenancy":"default","ipv6_association_id":"","ipv6_cidr_block":"","main_route_table_id":"rtb-a7cf26dd","owner_id":"083014189801","state":null,"tags":{},"timeouts":null},"sensitive_attributes":[]}]},{"mode":"managed","type":"aws_db_instance","name":"this","provider":"provider[\"registry.opentofu.org/hashicorp/aws\"]","instances":[{"schema_version":2,"attributes":{"address":"otf-cory.cc1oyktvv1be.us-west-2.rds.amazonaws.com","allocated_storage":20,"allow_major_version_upgrade":null,"apply_immediately":false,"arn":"arn:aws:rds:us-west-2:083014189801:db:otf-cory","auto_minor_version_upgrade":true,"availability_zone":"us-west-2b","backup_retention_period":0,"backup_target":"region","backup_window":"07:24-07:54","blue_green_update":[],"ca_cert_identifier":"rds-ca-rsa2048-g1","character_set_name":"","copy_tags_to_snapshot":false,"custom_iam_instance_profile":"","customer_owned_ip_enabled":false,"db_name":"wordpress","db_subnet_group_name":"default","dedicated_log_volume":false,"delete_automated_backups":true,"deletion_protection":false,"domain":"","domain_auth_secret_arn":"","domain_dns_ips":null,"domain_fqdn":"","domain_iam_role_name":"","domain_ou":"","enabled_cloudwatch_logs_exports":null,"endpoint":"otf-cory.cc1oyktvv1be.us-west-2.rds.amazonaws.com:3306","engine":"mariadb","engine_lifecycle_support":"","engine_version":"10.6","engine_version_actual":"10.6.18","final_snapshot_identifier":null,"hosted_zone_id":"Z1PVIF0B656C1W","iam_database_authentication_enabled":false,"id":"db-VTGYZLK766TNZIANCT7TJOW2BE","identifier":"otf-cory","identifier_prefix":"","instance_class":"db.t3.micro","iops":0,"kms_key_id":"","latest_restorable_time":"","license_model":"general-public-license","listener_endpoint":[],"maintenance_window":"sat:12:08-sat:12:38","manage_master_user_password":null,"master_user_secret":[],"master_user_secret_kms_key_id":null,"max_allocated_storage":0,"monitoring_interval":0,"monitoring_role_arn":"","multi_az":false,"nchar_character_set_name":"","network_type":"IPV4","option_group_name":"default:mariadb-10-6","parameter_group_name":"default.mariadb10.6","password":"yourpassword","performance_insights_enabled":false,"performance_insights_kms_key_id":"","performance_insights_retention_period":0,"port":3306,"publicly_accessible":false,"replica_mode":"","replicas":[],"replicate_source_db":"","resource_id":"db-VTGYZLK766TNZIANCT7TJOW2BE","restore_to_point_in_time":[],"s3_import":[],"skip_final_snapshot":true,"snapshot_identifier":null,"status":"available","storage_encrypted":false,"storage_throughput":0,"storage_type":"gp2","tags":null,"tags_all":{"environment":"dev","project":"opentofu-foundations"},"timeouts":null,"timezone":"","upgrade_storage_config":null,"username":"admin","vpc_security_group_ids":["sg-0637d2bd47c7c95e1"]},"sensitive_attributes":[[{"type":"get_attr","value":"password"}]],"private":"eyJlMmJmYjczMC1lY2FhLTExZTYtOGY4OC0zNDM2M2JjN2M0YzAiOnsiY3JlYXRlIjoyNDAwMDAwMDAwMDAwLCJkZWxldGUiOjM2MDAwMDAwMDAwMDAsInVwZGF0ZSI6NDgwMDAwMDAwMDAwMH0sInNjaGVtYV92ZXJzaW9uIjoiMiJ9","dependencies":["aws_security_group.mariadb","data.aws_vpc.default"]}]},{"mode":"managed","type":"aws_instance","name":"this","provider":"provider[\"registry.opentofu.org/hashicorp/aws\"]","instances":[{"schema_version":1,"attributes":{"ami":"ami-08578967e04feedea","arn":"arn:aws:ec2:us-west-2:083014189801:instance/i-0bebeb96fbc14b277","associate_public_ip_address":true,"availability_zone":"us-west-2b","capacity_reservation_specification":[{"capacity_reservation_preference":"open","capacity_reservation_target":[]}],"cpu_core_count":1,"cpu_options":[{"amd_sev_snp":"","core_count":1,"threads_per_core":1}],"cpu_threads_per_core":1,"credit_specification":[{"cpu_credits":"standard"}],"disable_api_stop":false,"disable_api_termination":false,"ebs_block_device":[],"ebs_optimized":false,"enclave_options":[{"enabled":false}],"ephemeral_block_device":[],"get_password_data":false,"hibernation":false,"host_id":"","host_resource_group_arn":null,"iam_instance_profile":"","id":"i-0bebeb96fbc14b277","instance_initiated_shutdown_behavior":"stop","instance_lifecycle":"","instance_market_options":[],"instance_state":"running","instance_type":"t2.micro","ipv6_address_count":0,"ipv6_addresses":[],"key_name":"","launch_template":[],"maintenance_options":[{"auto_recovery":"default"}],"metadata_options":[{"http_endpoint":"enabled","http_protocol_ipv6":"disabled","http_put_response_hop_limit":1,"http_tokens":"optional","instance_metadata_tags":"disabled"}],"monitoring":false,"network_interface":[],"outpost_arn":"","password_data":"","placement_group":"","placement_partition_number":0,"primary_network_interface_id":"eni-0f4e80b8377f52fe6","private_dns":"ip-172-31-27-236.us-west-2.compute.internal","private_dns_name_options":[{"enable_resource_name_dns_a_record":false,"enable_resource_name_dns_aaaa_record":false,"hostname_type":"ip-name"}],"private_ip":"172.31.27.236","public_dns":"ec2-34-212-191-229.us-west-2.compute.amazonaws.com","public_ip":"34.212.191.229","root_block_device":[{"delete_on_termination":true,"device_name":"/dev/xvda","encrypted":false,"iops":100,"kms_key_id":"","tags":{},"tags_all":{"environment":"dev","project":"opentofu-foundations"},"throughput":0,"volume_id":"vol-09f504f1a6d4767f1","volume_size":8,"volume_type":"gp2"}],"secondary_private_ips":[],"security_groups":["otf-cory-wordpress"],"source_dest_check":true,"spot_instance_request_id":"","subnet_id":"subnet-4cb02934","tags":{"Name":"otf-cory"},"tags_all":{"Name":"otf-cory","environment":"dev","project":"opentofu-foundations"},"tenancy":"default","timeouts":null,"user_data":"5f16741f9aad384661ee7afe90e7b1e9b8b5a4a6","user_data_base64":null,"user_data_replace_on_change":false,"volume_tags":null,"vpc_security_group_ids":["sg-012373cc9983eb196"]},"sensitive_attributes":[],"private":"eyJlMmJmYjczMC1lY2FhLTExZTYtOGY4OC0zNDM2M2JjN2M0YzAiOnsiY3JlYXRlIjo2MDAwMDAwMDAwMDAsImRlbGV0ZSI6MTIwMDAwMDAwMDAwMCwicmVhZCI6OTAwMDAwMDAwMDAwLCJ1cGRhdGUiOjYwMDAwMDAwMDAwMH0sInNjaGVtYV92ZXJzaW9uIjoiMSJ9","dependencies":["aws_db_instance.this","aws_security_group.mariadb","aws_security_group.wordpress","data.aws_vpc.default"]}]},{"mode":"managed","type":"aws_security_group","name":"mariadb","provider":"provider[\"registry.opentofu.org/hashicorp/aws\"]","instances":[{"schema_version":1,"attributes":{"arn":"arn:aws:ec2:us-west-2:083014189801:security-group/sg-0637d2bd47c7c95e1","description":"Allow access to MariaDB","egress":[],"id":"sg-0637d2bd47c7c95e1","ingress":[{"cidr_blocks":["172.31.0.0/16"],"description":"","from_port":3306,"ipv6_cidr_blocks":[],"prefix_list_ids":[],"protocol":"tcp","security_groups":[],"self":false,"to_port":3306}],"name":"otf-cory-mariadb","name_prefix":"","owner_id":"083014189801","revoke_rules_on_delete":false,"tags":null,"tags_all":{"environment":"dev","project":"opentofu-foundations"},"timeouts":null,"vpc_id":"vpc-b8c9c5c0"},"sensitive_attributes":[],"private":"eyJlMmJmYjczMC1lY2FhLTExZTYtOGY4OC0zNDM2M2JjN2M0YzAiOnsiY3JlYXRlIjo2MDAwMDAwMDAwMDAsImRlbGV0ZSI6OTAwMDAwMDAwMDAwfSwic2NoZW1hX3ZlcnNpb24iOiIxIn0=","dependencies":["data.aws_vpc.default"]}]},{"mode":"managed","type":"aws_security_group","name":"wordpress","provider":"provider[\"registry.opentofu.org/hashicorp/aws\"]","instances":[{"schema_version":1,"attributes":{"arn":"arn:aws:ec2:us-west-2:083014189801:security-group/sg-012373cc9983eb196","description":"Allow HTTP inbound traffic","egress":[{"cidr_blocks":["0.0.0.0/0"],"description":"","from_port":0,"ipv6_cidr_blocks":[],"prefix_list_ids":[],"protocol":"-1","security_groups":[],"self":false,"to_port":0}],"id":"sg-012373cc9983eb196","ingress":[{"cidr_blocks":["0.0.0.0/0"],"description":"HTTP","from_port":80,"ipv6_cidr_blocks":[],"prefix_list_ids":[],"protocol":"tcp","security_groups":[],"self":false,"to_port":80}],"name":"otf-cory-wordpress","name_prefix":"","owner_id":"083014189801","revoke_rules_on_delete":false,"tags":null,"tags_all":{"environment":"dev","project":"opentofu-foundations"},"timeouts":null,"vpc_id":"vpc-b8c9c5c0"},"sensitive_attributes":[],"private":"eyJlMmJmYjczMC1lY2FhLTExZTYtOGY4OC0zNDM2M2JjN2M0YzAiOnsiY3JlYXRlIjo2MDAwMDAwMDAwMDAsImRlbGV0ZSI6OTAwMDAwMDAwMDAwfSwic2NoZW1hX3ZlcnNpb24iOiIxIn0="}]}],"check_results":null}
